
Microsoft Visual Studio Solution File, Format Version 12.00
# Visual Studio Version 16
VisualStudioVersion = 16.0.30028.174
MinimumVisualStudioVersion = 10.0.40219.1
Project("{FAE04EC0-301F-11D3-BF4B-00C04F79EFBC}") = "Angular2Demo", "Angular2Demo\Angular2Demo.csproj", "{BB0FF032-B5A4-44F5-8A0D-F567C8D95584}"
EndProject
Project("{FAE04EC0-301F-11D3-BF4B-00C04F79EFBC}") = "AngularWebApi", "AngularWebApi\AngularWebApi.csproj", "{54DFACFC-63EA-49B1-A6E6-E189CDD841B4}"
EndProject
Global
	GlobalSection(SolutionConfigurationPlatforms) = preSolution
		Debug|Any CPU = Debug|Any CPU
		Release|Any CPU = Release|Any CPU
	EndGlobalSection
	GlobalSection(ProjectConfigurationPlatforms) = postSolution
		{BB0FF032-B5A4-44F5-8A0D-F567C8D95584}.Debug|Any CPU.ActiveCfg = Debug|Any CPU
		{BB0FF032-B5A4-44F5-8A0D-F567C8D95584}.Debug|Any CPU.Build.0 = Debug|Any CPU
		{BB0FF032-B5A4-44F5-8A0D-F567C8D95584}.Release|Any CPU.ActiveCfg = Release|Any CPU
		{BB0FF032-B5A4-44F5-8A0D-F567C8D95584}.Release|Any CPU.Build.0 = Release|Any CPU
		{54DFACFC-63EA-49B1-A6E6-E189CDD841B4}.Debug|Any CPU.ActiveCfg = Debug|Any CPU
		{54DFACFC-63EA-49B1-A6E6-E189CDD841B4}.Debug|Any CPU.Build.0 = Debug|Any CPU
		{54DFACFC-63EA-49B1-A6E6-E189CDD841B4}.Release|Any CPU.ActiveCfg = Release|Any CPU
		{54DFACFC-63EA-49B1-A6E6-E189CDD841B4}.Release|Any CPU.Build.0 = Release|Any CPU
	EndGlobalSection
	GlobalSection(SolutionProperties) = preSolution
		HideSolutionNode = FALSE
	EndGlobalSection
	GlobalSection(ExtensibilityGlobals) = postSolution
		SolutionGuid = {635E8A42-999D-40C1-B9C9-3241D62E40BF}
	EndGlobalSection
EndGlobal
